// !$*UTF8*$!
{
	archiveVersion = 1;
	classes = {
	};
	objectVersion = 52;
	objects = {

/* Begin PBXBuildFile section */
		0A560EC725657A30000BF6E1 /* GroupCollectionViewCell.swift in Sources */ = {isa = PBXBuildFile; fileRef = 0A560EC525657A30000BF6E1 /* GroupCollectionViewCell.swift */; };
		0A560EC825657A30000BF6E1 /* GroupCollectionViewCell.xib in Resources */ = {isa = PBXBuildFile; fileRef = 0A560EC625657A30000BF6E1 /* GroupCollectionViewCell.xib */; };
		0A560ED625657D99000BF6E1 /* GroupsCollectionViewAdapter.swift in Sources */ = {isa = PBXBuildFile; fileRef = 0A560ED525657D99000BF6E1 /* GroupsCollectionViewAdapter.swift */; };
		0A560EDC25657DCF000BF6E1 /* GroupsCellProvider.swift in Sources */ = {isa = PBXBuildFile; fileRef = 0A560EDB25657DCF000BF6E1 /* GroupsCellProvider.swift */; };
		0A560EE525657E15000BF6E1 /* GroupViewData.swift in Sources */ = {isa = PBXBuildFile; fileRef = 0A560EE425657E15000BF6E1 /* GroupViewData.swift */; };
		0A64569425673B350007C110 /* CoreDataController.swift in Sources */ = {isa = PBXBuildFile; fileRef = 0A64569325673B350007C110 /* CoreDataController.swift */; };
		0A64569925673B710007C110 /* CDGroupController.swift in Sources */ = {isa = PBXBuildFile; fileRef = 0A64569825673B710007C110 /* CDGroupController.swift */; };
		0A64569F25673B9C0007C110 /* CDGroupMapper.swift in Sources */ = {isa = PBXBuildFile; fileRef = 0A64569E25673B9C0007C110 /* CDGroupMapper.swift */; };
		0A8BD9D62566CC070084ED9F /* CDGroup+CoreDataProperties.swift in Sources */ = {isa = PBXBuildFile; fileRef = 0A8BD9D42566CC070084ED9F /* CDGroup+CoreDataProperties.swift */; };
		0A8BD9D72566CC070084ED9F /* CDGroup+CoreDataClass.swift in Sources */ = {isa = PBXBuildFile; fileRef = 0A8BD9D52566CC070084ED9F /* CDGroup+CoreDataClass.swift */; };
		0A9093602565BFC400890BEF /* MyRecipes.xcdatamodeld in Sources */ = {isa = PBXBuildFile; fileRef = 0A90935E2565BFC400890BEF /* MyRecipes.xcdatamodeld */; };
		0AA31A0C2564246F0014D879 /* Assets.xcassets in Resources */ = {isa = PBXBuildFile; fileRef = 0AA31A0B2564246F0014D879 /* Assets.xcassets */; };
		0AA31A0F2564246F0014D879 /* LaunchScreen.storyboard in Resources */ = {isa = PBXBuildFile; fileRef = 0AA31A0D2564246F0014D879 /* LaunchScreen.storyboard */; };
		0AA31A1A2564246F0014D879 /* MyRecipesTests.swift in Sources */ = {isa = PBXBuildFile; fileRef = 0AA31A192564246F0014D879 /* MyRecipesTests.swift */; };
		0AA31A252564246F0014D879 /* MyRecipesUITests.swift in Sources */ = {isa = PBXBuildFile; fileRef = 0AA31A242564246F0014D879 /* MyRecipesUITests.swift */; };
		0AA31A53256424EF0014D879 /* Collection+Safe.swift in Sources */ = {isa = PBXBuildFile; fileRef = 0AA31A3F256424EF0014D879 /* Collection+Safe.swift */; };
		0AA31A54256424EF0014D879 /* HapticFeedback.swift in Sources */ = {isa = PBXBuildFile; fileRef = 0AA31A40256424EF0014D879 /* HapticFeedback.swift */; };
		0AA31A56256424EF0014D879 /* UICollectionView+Register.swift in Sources */ = {isa = PBXBuildFile; fileRef = 0AA31A44256424EF0014D879 /* UICollectionView+Register.swift */; };
		0AA31A57256424EF0014D879 /* UICollectionViewCellProvider.swift in Sources */ = {isa = PBXBuildFile; fileRef = 0AA31A45256424EF0014D879 /* UICollectionViewCellProvider.swift */; };
		0AA31A58256424EF0014D879 /* UITableViewCellProvider.swift in Sources */ = {isa = PBXBuildFile; fileRef = 0AA31A47256424EF0014D879 /* UITableViewCellProvider.swift */; };
		0AA31A59256424EF0014D879 /* UITableView+Register.swift in Sources */ = {isa = PBXBuildFile; fileRef = 0AA31A48256424EF0014D879 /* UITableView+Register.swift */; };
		0AA31A5A256424EF0014D879 /* Margin.swift in Sources */ = {isa = PBXBuildFile; fileRef = 0AA31A4A256424EF0014D879 /* Margin.swift */; };
		0AA31A5B256424EF0014D879 /* AppRouter.swift in Sources */ = {isa = PBXBuildFile; fileRef = 0AA31A4C256424EF0014D879 /* AppRouter.swift */; };
		0AA31A5C256424EF0014D879 /* Router.swift in Sources */ = {isa = PBXBuildFile; fileRef = 0AA31A4D256424EF0014D879 /* Router.swift */; };
		0AA31A5D256424EF0014D879 /* RouterChannel.swift in Sources */ = {isa = PBXBuildFile; fileRef = 0AA31A4E256424EF0014D879 /* RouterChannel.swift */; };
		0AA31A5E256424EF0014D879 /* BaseRouter.swift in Sources */ = {isa = PBXBuildFile; fileRef = 0AA31A4F256424EF0014D879 /* BaseRouter.swift */; };
		0AA31A5F256424EF0014D879 /* AppDelegate.swift in Sources */ = {isa = PBXBuildFile; fileRef = 0AA31A50256424EF0014D879 /* AppDelegate.swift */; };
		0AA31A60256424EF0014D879 /* NavigationController.swift in Sources */ = {isa = PBXBuildFile; fileRef = 0AA31A51256424EF0014D879 /* NavigationController.swift */; };
		0AA31A61256424EF0014D879 /* SceneDelegate.swift in Sources */ = {isa = PBXBuildFile; fileRef = 0AA31A52256424EF0014D879 /* SceneDelegate.swift */; };
		0AA31A672564253C0014D879 /* RxCocoa in Frameworks */ = {isa = PBXBuildFile; productRef = 0AA31A662564253C0014D879 /* RxCocoa */; };
		0AA31A692564253C0014D879 /* RxSwift in Frameworks */ = {isa = PBXBuildFile; productRef = 0AA31A682564253C0014D879 /* RxSwift */; };
		0AA31A7C256431AE0014D879 /* GroupsViewModel.swift in Sources */ = {isa = PBXBuildFile; fileRef = 0AA31A7B256431AE0014D879 /* GroupsViewModel.swift */; };
		0AA31A89256431D00014D879 /* GroupsRouter.swift in Sources */ = {isa = PBXBuildFile; fileRef = 0AA31A88256431D00014D879 /* GroupsRouter.swift */; };
		0AA31A922564321B0014D879 /* GroupsViewController.swift in Sources */ = {isa = PBXBuildFile; fileRef = 0AA31A902564321B0014D879 /* GroupsViewController.swift */; };
		0AA31A932564321B0014D879 /* GroupsViewController.xib in Resources */ = {isa = PBXBuildFile; fileRef = 0AA31A912564321B0014D879 /* GroupsViewController.xib */; };
		0AA31AA6256432BF0014D879 /* UIColor+OnDark.swift in Sources */ = {isa = PBXBuildFile; fileRef = 0AA31AA5256432BF0014D879 /* UIColor+OnDark.swift */; };
		0AFFB78F2565824B008954EA /* UIView+Margin.swift in Sources */ = {isa = PBXBuildFile; fileRef = 0AFFB78E2565824B008954EA /* UIView+Margin.swift */; };
		0AFFB79525658859008954EA /* Group.swift in Sources */ = {isa = PBXBuildFile; fileRef = 0AFFB79425658859008954EA /* Group.swift */; };
		0AFFB7A0256588A8008954EA /* CoreDataGroupsService.swift in Sources */ = {isa = PBXBuildFile; fileRef = 0AFFB79F256588A8008954EA /* CoreDataGroupsService.swift */; };
		0AFFB7A9256588D2008954EA /* GroupsService.swift in Sources */ = {isa = PBXBuildFile; fileRef = 0AFFB7A8256588D2008954EA /* GroupsService.swift */; };
		0AFFB7B125658935008954EA /* GroupsViewDataMapper.swift in Sources */ = {isa = PBXBuildFile; fileRef = 0AFFB7B025658935008954EA /* GroupsViewDataMapper.swift */; };
		0AFFB7BA25658ADA008954EA /* Theme.swift in Sources */ = {isa = PBXBuildFile; fileRef = 0AFFB7B925658ADA008954EA /* Theme.swift */; };
		0AFFB7C225659297008954EA /* UIColor+Hex.swift in Sources */ = {isa = PBXBuildFile; fileRef = 0AFFB7C125659297008954EA /* UIColor+Hex.swift */; };
		0AFFB7C8256592BF008954EA /* ThemeColors.swift in Sources */ = {isa = PBXBuildFile; fileRef = 0AFFB7C7256592BF008954EA /* ThemeColors.swift */; };
		0AFFB7D1256592D6008954EA /* DefaultThemeColors.swift in Sources */ = {isa = PBXBuildFile; fileRef = 0AFFB7D0256592D6008954EA /* DefaultThemeColors.swift */; };
		0AFFB7DA256592F5008954EA /* StaticColors.swift in Sources */ = {isa = PBXBuildFile; fileRef = 0AFFB7D9256592F5008954EA /* StaticColors.swift */; };
		231D31CD25699A4E007437B9 /* HalfModalActivityViewController.swift in Sources */ = {isa = PBXBuildFile; fileRef = 231D31CC25699A4E007437B9 /* HalfModalActivityViewController.swift */; };
		231D31DE2569D485007437B9 /* UIView+AutoLayout.swift in Sources */ = {isa = PBXBuildFile; fileRef = 231D31DD2569D485007437B9 /* UIView+AutoLayout.swift */; };
		231D31E32569D79B007437B9 /* LabelCollectionHeader.swift in Sources */ = {isa = PBXBuildFile; fileRef = 231D31E22569D79B007437B9 /* LabelCollectionHeader.swift */; };
/* End PBXBuildFile section */

/* Begin PBXContainerItemProxy section */
		0AA31A162564246F0014D879 /* PBXContainerItemProxy */ = {
			isa = PBXContainerItemProxy;
			containerPortal = 0AA319F72564246E0014D879 /* Project object */;
			proxyType = 1;
			remoteGlobalIDString = 0AA319FE2564246E0014D879;
			remoteInfo = MyRecipes;
		};
		0AA31A212564246F0014D879 /* PBXContainerItemProxy */ = {
			isa = PBXContainerItemProxy;
			containerPortal = 0AA319F72564246E0014D879 /* Project object */;
			proxyType = 1;
			remoteGlobalIDString = 0AA319FE2564246E0014D879;
			remoteInfo = MyRecipes;
		};
/* End PBXContainerItemProxy section */

/* Begin PBXFileReference section */
		0A560EC525657A30000BF6E1 /* GroupCollectionViewCell.swift */ = {isa = PBXFileReference; lastKnownFileType = sourcecode.swift; path = GroupCollectionViewCell.swift; sourceTree = "<group>"; };
		0A560EC625657A30000BF6E1 /* GroupCollectionViewCell.xib */ = {isa = PBXFileReference; lastKnownFileType = file.xib; path = GroupCollectionViewCell.xib; sourceTree = "<group>"; };
		0A560ED525657D99000BF6E1 /* GroupsCollectionViewAdapter.swift */ = {isa = PBXFileReference; lastKnownFileType = sourcecode.swift; path = GroupsCollectionViewAdapter.swift; sourceTree = "<group>"; };
		0A560EDB25657DCF000BF6E1 /* GroupsCellProvider.swift */ = {isa = PBXFileReference; lastKnownFileType = sourcecode.swift; path = GroupsCellProvider.swift; sourceTree = "<group>"; };
		0A560EE425657E15000BF6E1 /* GroupViewData.swift */ = {isa = PBXFileReference; lastKnownFileType = sourcecode.swift; path = GroupViewData.swift; sourceTree = "<group>"; };
		0A64569325673B350007C110 /* CoreDataController.swift */ = {isa = PBXFileReference; lastKnownFileType = sourcecode.swift; path = CoreDataController.swift; sourceTree = "<group>"; };
		0A64569825673B710007C110 /* CDGroupController.swift */ = {isa = PBXFileReference; lastKnownFileType = sourcecode.swift; path = CDGroupController.swift; sourceTree = "<group>"; };
		0A64569E25673B9C0007C110 /* CDGroupMapper.swift */ = {isa = PBXFileReference; lastKnownFileType = sourcecode.swift; path = CDGroupMapper.swift; sourceTree = "<group>"; };
		0A8BD9D42566CC070084ED9F /* CDGroup+CoreDataProperties.swift */ = {isa = PBXFileReference; fileEncoding = 4; lastKnownFileType = sourcecode.swift; path = "CDGroup+CoreDataProperties.swift"; sourceTree = "<group>"; };
		0A8BD9D52566CC070084ED9F /* CDGroup+CoreDataClass.swift */ = {isa = PBXFileReference; fileEncoding = 4; lastKnownFileType = sourcecode.swift; path = "CDGroup+CoreDataClass.swift"; sourceTree = "<group>"; };
		0A90935F2565BFC400890BEF /* MyRecipes.xcdatamodel */ = {isa = PBXFileReference; lastKnownFileType = wrapper.xcdatamodel; path = MyRecipes.xcdatamodel; sourceTree = "<group>"; };
		0AA319FF2564246E0014D879 /* MyRecipes.app */ = {isa = PBXFileReference; explicitFileType = wrapper.application; includeInIndex = 0; path = MyRecipes.app; sourceTree = BUILT_PRODUCTS_DIR; };
		0AA31A0B2564246F0014D879 /* Assets.xcassets */ = {isa = PBXFileReference; lastKnownFileType = folder.assetcatalog; path = Assets.xcassets; sourceTree = "<group>"; };
		0AA31A0E2564246F0014D879 /* Base */ = {isa = PBXFileReference; lastKnownFileType = file.storyboard; name = Base; path = Base.lproj/LaunchScreen.storyboard; sourceTree = "<group>"; };
		0AA31A102564246F0014D879 /* Info.plist */ = {isa = PBXFileReference; lastKnownFileType = text.plist.xml; path = Info.plist; sourceTree = "<group>"; };
		0AA31A152564246F0014D879 /* MyRecipesTests.xctest */ = {isa = PBXFileReference; explicitFileType = wrapper.cfbundle; includeInIndex = 0; path = MyRecipesTests.xctest; sourceTree = BUILT_PRODUCTS_DIR; };
		0AA31A192564246F0014D879 /* MyRecipesTests.swift */ = {isa = PBXFileReference; lastKnownFileType = sourcecode.swift; path = MyRecipesTests.swift; sourceTree = "<group>"; };
		0AA31A1B2564246F0014D879 /* Info.plist */ = {isa = PBXFileReference; lastKnownFileType = text.plist.xml; path = Info.plist; sourceTree = "<group>"; };
		0AA31A202564246F0014D879 /* MyRecipesUITests.xctest */ = {isa = PBXFileReference; explicitFileType = wrapper.cfbundle; includeInIndex = 0; path = MyRecipesUITests.xctest; sourceTree = BUILT_PRODUCTS_DIR; };
		0AA31A242564246F0014D879 /* MyRecipesUITests.swift */ = {isa = PBXFileReference; lastKnownFileType = sourcecode.swift; path = MyRecipesUITests.swift; sourceTree = "<group>"; };
		0AA31A262564246F0014D879 /* Info.plist */ = {isa = PBXFileReference; lastKnownFileType = text.plist.xml; path = Info.plist; sourceTree = "<group>"; };
		0AA31A3F256424EF0014D879 /* Collection+Safe.swift */ = {isa = PBXFileReference; fileEncoding = 4; lastKnownFileType = sourcecode.swift; path = "Collection+Safe.swift"; sourceTree = "<group>"; };
		0AA31A40256424EF0014D879 /* HapticFeedback.swift */ = {isa = PBXFileReference; fileEncoding = 4; lastKnownFileType = sourcecode.swift; path = HapticFeedback.swift; sourceTree = "<group>"; };
		0AA31A44256424EF0014D879 /* UICollectionView+Register.swift */ = {isa = PBXFileReference; fileEncoding = 4; lastKnownFileType = sourcecode.swift; path = "UICollectionView+Register.swift"; sourceTree = "<group>"; };
		0AA31A45256424EF0014D879 /* UICollectionViewCellProvider.swift */ = {isa = PBXFileReference; fileEncoding = 4; lastKnownFileType = sourcecode.swift; path = UICollectionViewCellProvider.swift; sourceTree = "<group>"; };
		0AA31A47256424EF0014D879 /* UITableViewCellProvider.swift */ = {isa = PBXFileReference; fileEncoding = 4; lastKnownFileType = sourcecode.swift; path = UITableViewCellProvider.swift; sourceTree = "<group>"; };
		0AA31A48256424EF0014D879 /* UITableView+Register.swift */ = {isa = PBXFileReference; fileEncoding = 4; lastKnownFileType = sourcecode.swift; path = "UITableView+Register.swift"; sourceTree = "<group>"; };
		0AA31A4A256424EF0014D879 /* Margin.swift */ = {isa = PBXFileReference; fileEncoding = 4; lastKnownFileType = sourcecode.swift; path = Margin.swift; sourceTree = "<group>"; };
		0AA31A4C256424EF0014D879 /* AppRouter.swift */ = {isa = PBXFileReference; fileEncoding = 4; lastKnownFileType = sourcecode.swift; path = AppRouter.swift; sourceTree = "<group>"; };
		0AA31A4D256424EF0014D879 /* Router.swift */ = {isa = PBXFileReference; fileEncoding = 4; lastKnownFileType = sourcecode.swift; path = Router.swift; sourceTree = "<group>"; };
		0AA31A4E256424EF0014D879 /* RouterChannel.swift */ = {isa = PBXFileReference; fileEncoding = 4; lastKnownFileType = sourcecode.swift; path = RouterChannel.swift; sourceTree = "<group>"; };
		0AA31A4F256424EF0014D879 /* BaseRouter.swift */ = {isa = PBXFileReference; fileEncoding = 4; lastKnownFileType = sourcecode.swift; path = BaseRouter.swift; sourceTree = "<group>"; };
		0AA31A50256424EF0014D879 /* AppDelegate.swift */ = {isa = PBXFileReference; fileEncoding = 4; lastKnownFileType = sourcecode.swift; path = AppDelegate.swift; sourceTree = "<group>"; };
		0AA31A51256424EF0014D879 /* NavigationController.swift */ = {isa = PBXFileReference; fileEncoding = 4; lastKnownFileType = sourcecode.swift; path = NavigationController.swift; sourceTree = "<group>"; };
		0AA31A52256424EF0014D879 /* SceneDelegate.swift */ = {isa = PBXFileReference; fileEncoding = 4; lastKnownFileType = sourcecode.swift; path = SceneDelegate.swift; sourceTree = "<group>"; };
		0AA31A7B256431AE0014D879 /* GroupsViewModel.swift */ = {isa = PBXFileReference; lastKnownFileType = sourcecode.swift; path = GroupsViewModel.swift; sourceTree = "<group>"; };
		0AA31A88256431D00014D879 /* GroupsRouter.swift */ = {isa = PBXFileReference; lastKnownFileType = sourcecode.swift; path = GroupsRouter.swift; sourceTree = "<group>"; };
		0AA31A902564321B0014D879 /* GroupsViewController.swift */ = {isa = PBXFileReference; lastKnownFileType = sourcecode.swift; path = GroupsViewController.swift; sourceTree = "<group>"; };
		0AA31A912564321B0014D879 /* GroupsViewController.xib */ = {isa = PBXFileReference; lastKnownFileType = file.xib; path = GroupsViewController.xib; sourceTree = "<group>"; };
		0AA31AA5256432BF0014D879 /* UIColor+OnDark.swift */ = {isa = PBXFileReference; lastKnownFileType = sourcecode.swift; path = "UIColor+OnDark.swift"; sourceTree = "<group>"; };
		0AFFB78E2565824B008954EA /* UIView+Margin.swift */ = {isa = PBXFileReference; lastKnownFileType = sourcecode.swift; path = "UIView+Margin.swift"; sourceTree = "<group>"; };
		0AFFB79425658859008954EA /* Group.swift */ = {isa = PBXFileReference; lastKnownFileType = sourcecode.swift; path = Group.swift; sourceTree = "<group>"; };
		0AFFB79F256588A8008954EA /* CoreDataGroupsService.swift */ = {isa = PBXFileReference; lastKnownFileType = sourcecode.swift; path = CoreDataGroupsService.swift; sourceTree = "<group>"; };
		0AFFB7A8256588D2008954EA /* GroupsService.swift */ = {isa = PBXFileReference; lastKnownFileType = sourcecode.swift; path = GroupsService.swift; sourceTree = "<group>"; };
		0AFFB7B025658935008954EA /* GroupsViewDataMapper.swift */ = {isa = PBXFileReference; lastKnownFileType = sourcecode.swift; path = GroupsViewDataMapper.swift; sourceTree = "<group>"; };
		0AFFB7B925658ADA008954EA /* Theme.swift */ = {isa = PBXFileReference; lastKnownFileType = sourcecode.swift; path = Theme.swift; sourceTree = "<group>"; };
		0AFFB7C125659297008954EA /* UIColor+Hex.swift */ = {isa = PBXFileReference; lastKnownFileType = sourcecode.swift; path = "UIColor+Hex.swift"; sourceTree = "<group>"; };
		0AFFB7C7256592BF008954EA /* ThemeColors.swift */ = {isa = PBXFileReference; lastKnownFileType = sourcecode.swift; path = ThemeColors.swift; sourceTree = "<group>"; };
		0AFFB7D0256592D6008954EA /* DefaultThemeColors.swift */ = {isa = PBXFileReference; lastKnownFileType = sourcecode.swift; path = DefaultThemeColors.swift; sourceTree = "<group>"; };
		0AFFB7D9256592F5008954EA /* StaticColors.swift */ = {isa = PBXFileReference; lastKnownFileType = sourcecode.swift; path = StaticColors.swift; sourceTree = "<group>"; };
		231D31CC25699A4E007437B9 /* HalfModalActivityViewController.swift */ = {isa = PBXFileReference; lastKnownFileType = sourcecode.swift; path = HalfModalActivityViewController.swift; sourceTree = "<group>"; };
		231D31DD2569D485007437B9 /* UIView+AutoLayout.swift */ = {isa = PBXFileReference; lastKnownFileType = sourcecode.swift; path = "UIView+AutoLayout.swift"; sourceTree = "<group>"; };
		231D31E22569D79B007437B9 /* LabelCollectionHeader.swift */ = {isa = PBXFileReference; lastKnownFileType = sourcecode.swift; path = LabelCollectionHeader.swift; sourceTree = "<group>"; };
/* End PBXFileReference section */

/* Begin PBXFrameworksBuildPhase section */
		0AA319FC2564246E0014D879 /* Frameworks */ = {
			isa = PBXFrameworksBuildPhase;
			buildActionMask = 2147483647;
			files = (
				0AA31A692564253C0014D879 /* RxSwift in Frameworks */,
				0AA31A672564253C0014D879 /* RxCocoa in Frameworks */,
			);
			runOnlyForDeploymentPostprocessing = 0;
		};
		0AA31A122564246F0014D879 /* Frameworks */ = {
			isa = PBXFrameworksBuildPhase;
			buildActionMask = 2147483647;
			files = (
			);
			runOnlyForDeploymentPostprocessing = 0;
		};
		0AA31A1D2564246F0014D879 /* Frameworks */ = {
			isa = PBXFrameworksBuildPhase;
			buildActionMask = 2147483647;
			files = (
			);
			runOnlyForDeploymentPostprocessing = 0;
		};
/* End PBXFrameworksBuildPhase section */

/* Begin PBXGroup section */
		0A560EC125657944000BF6E1 /* Cells */ = {
			isa = PBXGroup;
			children = (
				0A560EC525657A30000BF6E1 /* GroupCollectionViewCell.swift */,
				0A560EC625657A30000BF6E1 /* GroupCollectionViewCell.xib */,
			);
			path = Cells;
			sourceTree = "<group>";
		};
		0A560EDA25657DB5000BF6E1 /* Collection */ = {
			isa = PBXGroup;
			children = (
				0A560EC125657944000BF6E1 /* Cells */,
				0A560ED525657D99000BF6E1 /* GroupsCollectionViewAdapter.swift */,
				0A560EDB25657DCF000BF6E1 /* GroupsCellProvider.swift */,
			);
			path = Collection;
			sourceTree = "<group>";
		};
		0A560EE325657E0A000BF6E1 /* ViewData */ = {
			isa = PBXGroup;
			children = (
				0A560EE425657E15000BF6E1 /* GroupViewData.swift */,
			);
			path = ViewData;
			sourceTree = "<group>";
		};
		0A64569225673B2C0007C110 /* CoreData */ = {
			isa = PBXGroup;
			children = (
				0A64569325673B350007C110 /* CoreDataController.swift */,
				0A64569825673B710007C110 /* CDGroupController.swift */,
			);
			path = CoreData;
			sourceTree = "<group>";
		};
		0A64569D25673B8D0007C110 /* Mappers */ = {
			isa = PBXGroup;
			children = (
				0AFFB7B025658935008954EA /* GroupsViewDataMapper.swift */,
				0A64569E25673B9C0007C110 /* CDGroupMapper.swift */,
			);
			path = Mappers;
			sourceTree = "<group>";
		};
		0AA319F62564246E0014D879 = {
			isa = PBXGroup;
			children = (
				0AA31A012564246E0014D879 /* MyRecipes */,
				0AA31A182564246F0014D879 /* MyRecipesTests */,
				0AA31A232564246F0014D879 /* MyRecipesUITests */,
				0AA31A002564246E0014D879 /* Products */,
			);
			sourceTree = "<group>";
		};
		0AA31A002564246E0014D879 /* Products */ = {
			isa = PBXGroup;
			children = (
				0AA319FF2564246E0014D879 /* MyRecipes.app */,
				0AA31A152564246F0014D879 /* MyRecipesTests.xctest */,
				0AA31A202564246F0014D879 /* MyRecipesUITests.xctest */,
			);
			name = Products;
			sourceTree = "<group>";
		};
		0AA31A012564246E0014D879 /* MyRecipes */ = {
			isa = PBXGroup;
			children = (
				0AA31A36256424AF0014D879 /* Resources */,
				0AA31A35256424A90014D879 /* Sources */,
				0A90935E2565BFC400890BEF /* MyRecipes.xcdatamodeld */,
			);
			path = MyRecipes;
			sourceTree = "<group>";
		};
		0AA31A182564246F0014D879 /* MyRecipesTests */ = {
			isa = PBXGroup;
			children = (
				0AA31A192564246F0014D879 /* MyRecipesTests.swift */,
				0AA31A1B2564246F0014D879 /* Info.plist */,
			);
			path = MyRecipesTests;
			sourceTree = "<group>";
		};
		0AA31A232564246F0014D879 /* MyRecipesUITests */ = {
			isa = PBXGroup;
			children = (
				0AA31A242564246F0014D879 /* MyRecipesUITests.swift */,
				0AA31A262564246F0014D879 /* Info.plist */,
			);
			path = MyRecipesUITests;
			sourceTree = "<group>";
		};
		0AA31A35256424A90014D879 /* Sources */ = {
			isa = PBXGroup;
			children = (
				0AA31AA3256432A70014D879 /* ViewComponents */,
				0AA31A76256431920014D879 /* Scenes */,
				0AA31A3D256424EF0014D879 /* Core */,
			);
			path = Sources;
			sourceTree = "<group>";
		};
		0AA31A36256424AF0014D879 /* Resources */ = {
			isa = PBXGroup;
			children = (
				0AA31A102564246F0014D879 /* Info.plist */,
				0AA31A0D2564246F0014D879 /* LaunchScreen.storyboard */,
				0AA31A0B2564246F0014D879 /* Assets.xcassets */,
			);
			path = Resources;
			sourceTree = "<group>";
		};
		0AA31A3D256424EF0014D879 /* Core */ = {
			isa = PBXGroup;
			children = (
				0AFFB7C6256592AE008954EA /* Theme */,
				0AA31A3E256424EF0014D879 /* Tools */,
				0AA31A42256424EF0014D879 /* CellProviders */,
				0AA31A49256424EF0014D879 /* Margins */,
				0AA31A4B256424EF0014D879 /* Routing */,
				0AA31A50256424EF0014D879 /* AppDelegate.swift */,
				0AA31A51256424EF0014D879 /* NavigationController.swift */,
				0AA31A52256424EF0014D879 /* SceneDelegate.swift */,
			);
			path = Core;
			sourceTree = "<group>";
		};
		0AA31A3E256424EF0014D879 /* Tools */ = {
			isa = PBXGroup;
			children = (
				0AA31AA5256432BF0014D879 /* UIColor+OnDark.swift */,
				0AA31A3F256424EF0014D879 /* Collection+Safe.swift */,
				0AA31A40256424EF0014D879 /* HapticFeedback.swift */,
				0AFFB7C125659297008954EA /* UIColor+Hex.swift */,
			);
			path = Tools;
			sourceTree = "<group>";
		};
		0AA31A42256424EF0014D879 /* CellProviders */ = {
			isa = PBXGroup;
			children = (
				0AA31A43256424EF0014D879 /* Collection */,
				0AA31A46256424EF0014D879 /* Table */,
			);
			path = CellProviders;
			sourceTree = "<group>";
		};
		0AA31A43256424EF0014D879 /* Collection */ = {
			isa = PBXGroup;
			children = (
				0AA31A44256424EF0014D879 /* UICollectionView+Register.swift */,
				0AA31A45256424EF0014D879 /* UICollectionViewCellProvider.swift */,
			);
			path = Collection;
			sourceTree = "<group>";
		};
		0AA31A46256424EF0014D879 /* Table */ = {
			isa = PBXGroup;
			children = (
				0AA31A47256424EF0014D879 /* UITableViewCellProvider.swift */,
				0AA31A48256424EF0014D879 /* UITableView+Register.swift */,
			);
			path = Table;
			sourceTree = "<group>";
		};
		0AA31A49256424EF0014D879 /* Margins */ = {
			isa = PBXGroup;
			children = (
				0AA31A4A256424EF0014D879 /* Margin.swift */,
			);
			path = Margins;
			sourceTree = "<group>";
		};
		0AA31A4B256424EF0014D879 /* Routing */ = {
			isa = PBXGroup;
			children = (
				0AA31A4C256424EF0014D879 /* AppRouter.swift */,
				0AA31A4D256424EF0014D879 /* Router.swift */,
				0AA31A4E256424EF0014D879 /* RouterChannel.swift */,
				0AA31A4F256424EF0014D879 /* BaseRouter.swift */,
			);
			path = Routing;
			sourceTree = "<group>";
		};
		0AA31A76256431920014D879 /* Scenes */ = {
			isa = PBXGroup;
			children = (
				0AA31A77256431960014D879 /* Group */,
			);
			path = Scenes;
			sourceTree = "<group>";
		};
		0AA31A77256431960014D879 /* Group */ = {
			isa = PBXGroup;
			children = (
				0AFFB7A7256588B3008954EA /* API */,
				0AFFB79E2565889A008954EA /* Infrastructure */,
				0AFFB79D25658873008954EA /* Domain */,
				0AFFB79C25658864008954EA /* Presentation */,
			);
			path = Group;
			sourceTree = "<group>";
		};
		0AA31A782564319A0014D879 /* Router */ = {
			isa = PBXGroup;
			children = (
				0AA31A88256431D00014D879 /* GroupsRouter.swift */,
			);
			path = Router;
			sourceTree = "<group>";
		};
		0AA31A792564319F0014D879 /* View */ = {
			isa = PBXGroup;
			children = (
				0A560EDA25657DB5000BF6E1 /* Collection */,
				0AA31A902564321B0014D879 /* GroupsViewController.swift */,
				0AA31A912564321B0014D879 /* GroupsViewController.xib */,
			);
			path = View;
			sourceTree = "<group>";
		};
		0AA31A7A256431A30014D879 /* ViewModel */ = {
			isa = PBXGroup;
			children = (
				0AA31A7B256431AE0014D879 /* GroupsViewModel.swift */,
			);
			path = ViewModel;
			sourceTree = "<group>";
		};
		0AA31AA3256432A70014D879 /* ViewComponents */ = {
			isa = PBXGroup;
			children = (
				0AA31AA4256432B00014D879 /* Extensions */,
				231D31CC25699A4E007437B9 /* HalfModalActivityViewController.swift */,
				231D31E22569D79B007437B9 /* LabelCollectionHeader.swift */,
			);
			path = ViewComponents;
			sourceTree = "<group>";
		};
		0AA31AA4256432B00014D879 /* Extensions */ = {
			isa = PBXGroup;
			children = (
				0AFFB78E2565824B008954EA /* UIView+Margin.swift */,
				231D31DD2569D485007437B9 /* UIView+AutoLayout.swift */,
			);
			path = Extensions;
			sourceTree = "<group>";
		};
		0AFFB79325658851008954EA /* Model */ = {
			isa = PBXGroup;
			children = (
				233D2B8A2569744500DE6E7B /* CoreData */,
				0AFFB79425658859008954EA /* Group.swift */,
			);
			path = Model;
			sourceTree = "<group>";
		};
		0AFFB79C25658864008954EA /* Presentation */ = {
			isa = PBXGroup;
			children = (
				0A560EE325657E0A000BF6E1 /* ViewData */,
				0AA31A7A256431A30014D879 /* ViewModel */,
				0AA31A792564319F0014D879 /* View */,
				0AA31A782564319A0014D879 /* Router */,
			);
			path = Presentation;
			sourceTree = "<group>";
		};
		0AFFB79D25658873008954EA /* Domain */ = {
			isa = PBXGroup;
			children = (
				0AFFB79325658851008954EA /* Model */,
			);
			path = Domain;
			sourceTree = "<group>";
		};
		0AFFB79E2565889A008954EA /* Infrastructure */ = {
			isa = PBXGroup;
			children = (
				0A64569D25673B8D0007C110 /* Mappers */,
				0A64569225673B2C0007C110 /* CoreData */,
				0AFFB79F256588A8008954EA /* CoreDataGroupsService.swift */,
			);
			path = Infrastructure;
			sourceTree = "<group>";
		};
		0AFFB7A7256588B3008954EA /* API */ = {
			isa = PBXGroup;
			children = (
				0AFFB7A8256588D2008954EA /* GroupsService.swift */,
			);
			path = API;
			sourceTree = "<group>";
		};
		0AFFB7C6256592AE008954EA /* Theme */ = {
			isa = PBXGroup;
			children = (
				0AFFB7D8256592EE008954EA /* Static */,
				0AFFB7CF256592CA008954EA /* ThemeColors */,
				0AFFB7B925658ADA008954EA /* Theme.swift */,
			);
			path = Theme;
			sourceTree = "<group>";
		};
		0AFFB7CF256592CA008954EA /* ThemeColors */ = {
			isa = PBXGroup;
			children = (
				0AFFB7C7256592BF008954EA /* ThemeColors.swift */,
				0AFFB7D0256592D6008954EA /* DefaultThemeColors.swift */,
			);
			path = ThemeColors;
			sourceTree = "<group>";
		};
		0AFFB7D8256592EE008954EA /* Static */ = {
			isa = PBXGroup;
			children = (
				0AFFB7D9256592F5008954EA /* StaticColors.swift */,
			);
			path = Static;
			sourceTree = "<group>";
		};
		233D2B8A2569744500DE6E7B /* CoreData */ = {
			isa = PBXGroup;
			children = (
				0A8BD9D52566CC070084ED9F /* CDGroup+CoreDataClass.swift */,
				0A8BD9D42566CC070084ED9F /* CDGroup+CoreDataProperties.swift */,
			);
			path = CoreData;
			sourceTree = "<group>";
		};
/* End PBXGroup section */

/* Begin PBXNativeTarget section */
		0AA319FE2564246E0014D879 /* MyRecipes */ = {
			isa = PBXNativeTarget;
			buildConfigurationList = 0AA31A292564246F0014D879 /* Build configuration list for PBXNativeTarget "MyRecipes" */;
			buildPhases = (
				0AA319FB2564246E0014D879 /* Sources */,
				0AA319FC2564246E0014D879 /* Frameworks */,
				0AA319FD2564246E0014D879 /* Resources */,
			);
			buildRules = (
			);
			dependencies = (
			);
			name = MyRecipes;
			packageProductDependencies = (
				0AA31A662564253C0014D879 /* RxCocoa */,
				0AA31A682564253C0014D879 /* RxSwift */,
			);
			productName = MyRecipes;
			productReference = 0AA319FF2564246E0014D879 /* MyRecipes.app */;
			productType = "com.apple.product-type.application";
		};
		0AA31A142564246F0014D879 /* MyRecipesTests */ = {
			isa = PBXNativeTarget;
			buildConfigurationList = 0AA31A2C2564246F0014D879 /* Build configuration list for PBXNativeTarget "MyRecipesTests" */;
			buildPhases = (
				0AA31A112564246F0014D879 /* Sources */,
				0AA31A122564246F0014D879 /* Frameworks */,
				0AA31A132564246F0014D879 /* Resources */,
			);
			buildRules = (
			);
			dependencies = (
				0AA31A172564246F0014D879 /* PBXTargetDependency */,
			);
			name = MyRecipesTests;
			productName = MyRecipesTests;
			productReference = 0AA31A152564246F0014D879 /* MyRecipesTests.xctest */;
			productType = "com.apple.product-type.bundle.unit-test";
		};
		0AA31A1F2564246F0014D879 /* MyRecipesUITests */ = {
			isa = PBXNativeTarget;
			buildConfigurationList = 0AA31A2F2564246F0014D879 /* Build configuration list for PBXNativeTarget "MyRecipesUITests" */;
			buildPhases = (
				0AA31A1C2564246F0014D879 /* Sources */,
				0AA31A1D2564246F0014D879 /* Frameworks */,
				0AA31A1E2564246F0014D879 /* Resources */,
			);
			buildRules = (
			);
			dependencies = (
				0AA31A222564246F0014D879 /* PBXTargetDependency */,
			);
			name = MyRecipesUITests;
			productName = MyRecipesUITests;
			productReference = 0AA31A202564246F0014D879 /* MyRecipesUITests.xctest */;
			productType = "com.apple.product-type.bundle.ui-testing";
		};
/* End PBXNativeTarget section */

/* Begin PBXProject section */
		0AA319F72564246E0014D879 /* Project object */ = {
			isa = PBXProject;
			attributes = {
				LastSwiftUpdateCheck = 1220;
				LastUpgradeCheck = 1220;
				TargetAttributes = {
					0AA319FE2564246E0014D879 = {
						CreatedOnToolsVersion = 12.2;
					};
					0AA31A142564246F0014D879 = {
						CreatedOnToolsVersion = 12.2;
						TestTargetID = 0AA319FE2564246E0014D879;
					};
					0AA31A1F2564246F0014D879 = {
						CreatedOnToolsVersion = 12.2;
						TestTargetID = 0AA319FE2564246E0014D879;
					};
				};
			};
			buildConfigurationList = 0AA319FA2564246E0014D879 /* Build configuration list for PBXProject "MyRecipes" */;
			compatibilityVersion = "Xcode 9.3";
			developmentRegion = en;
			hasScannedForEncodings = 0;
			knownRegions = (
				en,
				Base,
			);
			mainGroup = 0AA319F62564246E0014D879;
			packageReferences = (
				0AA31A652564253C0014D879 /* XCRemoteSwiftPackageReference "RxSwift" */,
			);
			productRefGroup = 0AA31A002564246E0014D879 /* Products */;
			projectDirPath = "";
			projectRoot = "";
			targets = (
				0AA319FE2564246E0014D879 /* MyRecipes */,
				0AA31A142564246F0014D879 /* MyRecipesTests */,
				0AA31A1F2564246F0014D879 /* MyRecipesUITests */,
			);
		};
/* End PBXProject section */

/* Begin PBXResourcesBuildPhase section */
		0AA319FD2564246E0014D879 /* Resources */ = {
			isa = PBXResourcesBuildPhase;
			buildActionMask = 2147483647;
			files = (
				0A560EC825657A30000BF6E1 /* GroupCollectionViewCell.xib in Resources */,
				0AA31A0F2564246F0014D879 /* LaunchScreen.storyboard in Resources */,
				0AA31A0C2564246F0014D879 /* Assets.xcassets in Resources */,
				0AA31A932564321B0014D879 /* GroupsViewController.xib in Resources */,
			);
			runOnlyForDeploymentPostprocessing = 0;
		};
		0AA31A132564246F0014D879 /* Resources */ = {
			isa = PBXResourcesBuildPhase;
			buildActionMask = 2147483647;
			files = (
			);
			runOnlyForDeploymentPostprocessing = 0;
		};
		0AA31A1E2564246F0014D879 /* Resources */ = {
			isa = PBXResourcesBuildPhase;
			buildActionMask = 2147483647;
			files = (
			);
			runOnlyForDeploymentPostprocessing = 0;
		};
/* End PBXResourcesBuildPhase section */

/* Begin PBXSourcesBuildPhase section */
		0AA319FB2564246E0014D879 /* Sources */ = {
			isa = PBXSourcesBuildPhase;
			buildActionMask = 2147483647;
			files = (
				0AA31A7C256431AE0014D879 /* GroupsViewModel.swift in Sources */,
				0AA31A5D256424EF0014D879 /* RouterChannel.swift in Sources */,
				0AFFB7A0256588A8008954EA /* CoreDataGroupsService.swift in Sources */,
				0A9093602565BFC400890BEF /* MyRecipes.xcdatamodeld in Sources */,
				0AA31A922564321B0014D879 /* GroupsViewController.swift in Sources */,
				231D31DE2569D485007437B9 /* UIView+AutoLayout.swift in Sources */,
				0AFFB79525658859008954EA /* Group.swift in Sources */,
				0AA31A5C256424EF0014D879 /* Router.swift in Sources */,
				0AFFB7C8256592BF008954EA /* ThemeColors.swift in Sources */,
				0AA31A53256424EF0014D879 /* Collection+Safe.swift in Sources */,
				0AA31A89256431D00014D879 /* GroupsRouter.swift in Sources */,
				0A8BD9D72566CC070084ED9F /* CDGroup+CoreDataClass.swift in Sources */,
				0AFFB7C225659297008954EA /* UIColor+Hex.swift in Sources */,
				0AFFB7DA256592F5008954EA /* StaticColors.swift in Sources */,
				0A560EE525657E15000BF6E1 /* GroupViewData.swift in Sources */,
				0A64569425673B350007C110 /* CoreDataController.swift in Sources */,
				0AFFB78F2565824B008954EA /* UIView+Margin.swift in Sources */,
				0AA31A5F256424EF0014D879 /* AppDelegate.swift in Sources */,
				0A560EC725657A30000BF6E1 /* GroupCollectionViewCell.swift in Sources */,
				0AA31A5A256424EF0014D879 /* Margin.swift in Sources */,
				0AA31AA6256432BF0014D879 /* UIColor+OnDark.swift in Sources */,
				0AFFB7B125658935008954EA /* GroupsViewDataMapper.swift in Sources */,
				0AFFB7A9256588D2008954EA /* GroupsService.swift in Sources */,
				0AA31A56256424EF0014D879 /* UICollectionView+Register.swift in Sources */,
				0A64569925673B710007C110 /* CDGroupController.swift in Sources */,
				0A560ED625657D99000BF6E1 /* GroupsCollectionViewAdapter.swift in Sources */,
				0AA31A61256424EF0014D879 /* SceneDelegate.swift in Sources */,
				0AA31A60256424EF0014D879 /* NavigationController.swift in Sources */,
				0AA31A5E256424EF0014D879 /* BaseRouter.swift in Sources */,
				0A8BD9D62566CC070084ED9F /* CDGroup+CoreDataProperties.swift in Sources */,
				0A64569F25673B9C0007C110 /* CDGroupMapper.swift in Sources */,
				0AFFB7BA25658ADA008954EA /* Theme.swift in Sources */,
				0AA31A54256424EF0014D879 /* HapticFeedback.swift in Sources */,
				0AA31A58256424EF0014D879 /* UITableViewCellProvider.swift in Sources */,
				0A560EDC25657DCF000BF6E1 /* GroupsCellProvider.swift in Sources */,
				0AA31A59256424EF0014D879 /* UITableView+Register.swift in Sources */,
				0AFFB7D1256592D6008954EA /* DefaultThemeColors.swift in Sources */,
				0AA31A5B256424EF0014D879 /* AppRouter.swift in Sources */,
				231D31CD25699A4E007437B9 /* HalfModalActivityViewController.swift in Sources */,
				231D31E32569D79B007437B9 /* LabelCollectionHeader.swift in Sources */,
				0AA31A57256424EF0014D879 /* UICollectionViewCellProvider.swift in Sources */,
			);
			runOnlyForDeploymentPostprocessing = 0;
		};
		0AA31A112564246F0014D879 /* Sources */ = {
			isa = PBXSourcesBuildPhase;
			buildActionMask = 2147483647;
			files = (
				0AA31A1A2564246F0014D879 /* MyRecipesTests.swift in Sources */,
			);
			runOnlyForDeploymentPostprocessing = 0;
		};
		0AA31A1C2564246F0014D879 /* Sources */ = {
			isa = PBXSourcesBuildPhase;
			buildActionMask = 2147483647;
			files = (
				0AA31A252564246F0014D879 /* MyRecipesUITests.swift in Sources */,
			);
			runOnlyForDeploymentPostprocessing = 0;
		};
/* End PBXSourcesBuildPhase section */

/* Begin PBXTargetDependency section */
		0AA31A172564246F0014D879 /* PBXTargetDependency */ = {
			isa = PBXTargetDependency;
			target = 0AA319FE2564246E0014D879 /* MyRecipes */;
			targetProxy = 0AA31A162564246F0014D879 /* PBXContainerItemProxy */;
		};
		0AA31A222564246F0014D879 /* PBXTargetDependency */ = {
			isa = PBXTargetDependency;
			target = 0AA319FE2564246E0014D879 /* MyRecipes */;
			targetProxy = 0AA31A212564246F0014D879 /* PBXContainerItemProxy */;
		};
/* End PBXTargetDependency section */

/* Begin PBXVariantGroup section */
		0AA31A0D2564246F0014D879 /* LaunchScreen.storyboard */ = {
			isa = PBXVariantGroup;
			children = (
				0AA31A0E2564246F0014D879 /* Base */,
			);
			name = LaunchScreen.storyboard;
			sourceTree = "<group>";
		};
/* End PBXVariantGroup section */

/* Begin XCBuildConfiguration section */
		0AA31A272564246F0014D879 /* Debug */ = {
			isa = XCBuildConfiguration;
			buildSettings = {
				ALWAYS_SEARCH_USER_PATHS = NO;
				CLANG_ANALYZER_NONNULL = YES;
				CLANG_ANALYZER_NUMBER_OBJECT_CONVERSION = YES_AGGRESSIVE;
				CLANG_CXX_LANGUAGE_STANDARD = "gnu++14";
				CLANG_CXX_LIBRARY = "libc++";
				CLANG_ENABLE_MODULES = YES;
				CLANG_ENABLE_OBJC_ARC = YES;
				CLANG_ENABLE_OBJC_WEAK = YES;
				CLANG_WARN_BLOCK_CAPTURE_AUTORELEASING = YES;
				CLANG_WARN_BOOL_CONVERSION = YES;
				CLANG_WARN_COMMA = YES;
				CLANG_WARN_CONSTANT_CONVERSION = YES;
				CLANG_WARN_DEPRECATED_OBJC_IMPLEMENTATIONS = YES;
				CLANG_WARN_DIRECT_OBJC_ISA_USAGE = YES_ERROR;
				CLANG_WARN_DOCUMENTATION_COMMENTS = YES;
				CLANG_WARN_EMPTY_BODY = YES;
				CLANG_WARN_ENUM_CONVERSION = YES;
				CLANG_WARN_INFINITE_RECURSION = YES;
				CLANG_WARN_INT_CONVERSION = YES;
				CLANG_WARN_NON_LITERAL_NULL_CONVERSION = YES;
				CLANG_WARN_OBJC_IMPLICIT_RETAIN_SELF = YES;
				CLANG_WARN_OBJC_LITERAL_CONVERSION = YES;
				CLANG_WARN_OBJC_ROOT_CLASS = YES_ERROR;
				CLANG_WARN_QUOTED_INCLUDE_IN_FRAMEWORK_HEADER = YES;
				CLANG_WARN_RANGE_LOOP_ANALYSIS = YES;
				CLANG_WARN_STRICT_PROTOTYPES = YES;
				CLANG_WARN_SUSPICIOUS_MOVE = YES;
				CLANG_WARN_UNGUARDED_AVAILABILITY = YES_AGGRESSIVE;
				CLANG_WARN_UNREACHABLE_CODE = YES;
				CLANG_WARN__DUPLICATE_METHOD_MATCH = YES;
				COPY_PHASE_STRIP = NO;
				DEBUG_INFORMATION_FORMAT = dwarf;
				ENABLE_STRICT_OBJC_MSGSEND = YES;
				ENABLE_TESTABILITY = YES;
				GCC_C_LANGUAGE_STANDARD = gnu11;
				GCC_DYNAMIC_NO_PIC = NO;
				GCC_NO_COMMON_BLOCKS = YES;
				GCC_OPTIMIZATION_LEVEL = 0;
				GCC_PREPROCESSOR_DEFINITIONS = (
					"DEBUG=1",
					"$(inherited)",
				);
				GCC_WARN_64_TO_32_BIT_CONVERSION = YES;
				GCC_WARN_ABOUT_RETURN_TYPE = YES_ERROR;
				GCC_WARN_UNDECLARED_SELECTOR = YES;
				GCC_WARN_UNINITIALIZED_AUTOS = YES_AGGRESSIVE;
				GCC_WARN_UNUSED_FUNCTION = YES;
				GCC_WARN_UNUSED_VARIABLE = YES;
				IPHONEOS_DEPLOYMENT_TARGET = 14.0;
				MTL_ENABLE_DEBUG_INFO = INCLUDE_SOURCE;
				MTL_FAST_MATH = YES;
				ONLY_ACTIVE_ARCH = YES;
				SDKROOT = iphoneos;
				SWIFT_ACTIVE_COMPILATION_CONDITIONS = DEBUG;
				SWIFT_OPTIMIZATION_LEVEL = "-Onone";
			};
			name = Debug;
		};
		0AA31A282564246F0014D879 /* Release */ = {
			isa = XCBuildConfiguration;
			buildSettings = {
				ALWAYS_SEARCH_USER_PATHS = NO;
				CLANG_ANALYZER_NONNULL = YES;
				CLANG_ANALYZER_NUMBER_OBJECT_CONVERSION = YES_AGGRESSIVE;
				CLANG_CXX_LANGUAGE_STANDARD = "gnu++14";
				CLANG_CXX_LIBRARY = "libc++";
				CLANG_ENABLE_MODULES = YES;
				CLANG_ENABLE_OBJC_ARC = YES;
				CLANG_ENABLE_OBJC_WEAK = YES;
				CLANG_WARN_BLOCK_CAPTURE_AUTORELEASING = YES;
				CLANG_WARN_BOOL_CONVERSION = YES;
				CLANG_WARN_COMMA = YES;
				CLANG_WARN_CONSTANT_CONVERSION = YES;
				CLANG_WARN_DEPRECATED_OBJC_IMPLEMENTATIONS = YES;
				CLANG_WARN_DIRECT_OBJC_ISA_USAGE = YES_ERROR;
				CLANG_WARN_DOCUMENTATION_COMMENTS = YES;
				CLANG_WARN_EMPTY_BODY = YES;
				CLANG_WARN_ENUM_CONVERSION = YES;
				CLANG_WARN_INFINITE_RECURSION = YES;
				CLANG_WARN_INT_CONVERSION = YES;
				CLANG_WARN_NON_LITERAL_NULL_CONVERSION = YES;
				CLANG_WARN_OBJC_IMPLICIT_RETAIN_SELF = YES;
				CLANG_WARN_OBJC_LITERAL_CONVERSION = YES;
				CLANG_WARN_OBJC_ROOT_CLASS = YES_ERROR;
				CLANG_WARN_QUOTED_INCLUDE_IN_FRAMEWORK_HEADER = YES;
				CLANG_WARN_RANGE_LOOP_ANALYSIS = YES;
				CLANG_WARN_STRICT_PROTOTYPES = YES;
				CLANG_WARN_SUSPICIOUS_MOVE = YES;
				CLANG_WARN_UNGUARDED_AVAILABILITY = YES_AGGRESSIVE;
				CLANG_WARN_UNREACHABLE_CODE = YES;
				CLANG_WARN__DUPLICATE_METHOD_MATCH = YES;
				COPY_PHASE_STRIP = NO;
				DEBUG_INFORMATION_FORMAT = "dwarf-with-dsym";
				ENABLE_NS_ASSERTIONS = NO;
				ENABLE_STRICT_OBJC_MSGSEND = YES;
				GCC_C_LANGUAGE_STANDARD = gnu11;
				GCC_NO_COMMON_BLOCKS = YES;
				GCC_WARN_64_TO_32_BIT_CONVERSION = YES;
				GCC_WARN_ABOUT_RETURN_TYPE = YES_ERROR;
				GCC_WARN_UNDECLARED_SELECTOR = YES;
				GCC_WARN_UNINITIALIZED_AUTOS = YES_AGGRESSIVE;
				GCC_WARN_UNUSED_FUNCTION = YES;
				GCC_WARN_UNUSED_VARIABLE = YES;
				IPHONEOS_DEPLOYMENT_TARGET = 14.0;
				MTL_ENABLE_DEBUG_INFO = NO;
				MTL_FAST_MATH = YES;
				SDKROOT = iphoneos;
				SWIFT_COMPILATION_MODE = wholemodule;
				SWIFT_OPTIMIZATION_LEVEL = "-O";
				VALIDATE_PRODUCT = YES;
			};
			name = Release;
		};
		0AA31A2A2564246F0014D879 /* Debug */ = {
			isa = XCBuildConfiguration;
			buildSettings = {
				ASSETCATALOG_COMPILER_APPICON_NAME = AppIcon;
				ASSETCATALOG_COMPILER_GLOBAL_ACCENT_COLOR_NAME = AccentColor;
				CODE_SIGN_STYLE = Automatic;
				DEVELOPMENT_TEAM = 3FMVQ97S47;
				INFOPLIST_FILE = MyRecipes/Resources/Info.plist;
				LD_RUNPATH_SEARCH_PATHS = (
					"$(inherited)",
					"@executable_path/Frameworks",
				);
				PRODUCT_BUNDLE_IDENTIFIER = Codage.MyRecipes;
				PRODUCT_NAME = "$(TARGET_NAME)";
				SWIFT_VERSION = 5.0;
				TARGETED_DEVICE_FAMILY = "1,2";
			};
			name = Debug;
		};
		0AA31A2B2564246F0014D879 /* Release */ = {
			isa = XCBuildConfiguration;
			buildSettings = {
				ASSETCATALOG_COMPILER_APPICON_NAME = AppIcon;
				ASSETCATALOG_COMPILER_GLOBAL_ACCENT_COLOR_NAME = AccentColor;
				CODE_SIGN_STYLE = Automatic;
				DEVELOPMENT_TEAM = 3FMVQ97S47;
				INFOPLIST_FILE = MyRecipes/Resources/Info.plist;
				LD_RUNPATH_SEARCH_PATHS = (
					"$(inherited)",
					"@executable_path/Frameworks",
				);
				PRODUCT_BUNDLE_IDENTIFIER = Codage.MyRecipes;
				PRODUCT_NAME = "$(TARGET_NAME)";
				SWIFT_VERSION = 5.0;
				TARGETED_DEVICE_FAMILY = "1,2";
			};
			name = Release;
		};
		0AA31A2D2564246F0014D879 /* Debug */ = {
			isa = XCBuildConfiguration;
			buildSettings = {
				ALWAYS_EMBED_SWIFT_STANDARD_LIBRARIES = YES;
				BUNDLE_LOADER = "$(TEST_HOST)";
				CODE_SIGN_STYLE = Automatic;
				DEVELOPMENT_TEAM = 3FMVQ97S47;
				INFOPLIST_FILE = MyRecipesTests/Info.plist;
				IPHONEOS_DEPLOYMENT_TARGET = 14.2;
				LD_RUNPATH_SEARCH_PATHS = (
					"$(inherited)",
					"@executable_path/Frameworks",
					"@loader_path/Frameworks",
				);
				PRODUCT_BUNDLE_IDENTIFIER = Codage.MyRecipesTests;
				PRODUCT_NAME = "$(TARGET_NAME)";
				SWIFT_VERSION = 5.0;
				TARGETED_DEVICE_FAMILY = "1,2";
				TEST_HOST = "$(BUILT_PRODUCTS_DIR)/MyRecipes.app/MyRecipes";
			};
			name = Debug;
		};
		0AA31A2E2564246F0014D879 /* Release */ = {
			isa = XCBuildConfiguration;
			buildSettings = {
				ALWAYS_EMBED_SWIFT_STANDARD_LIBRARIES = YES;
				BUNDLE_LOADER = "$(TEST_HOST)";
				CODE_SIGN_STYLE = Automatic;
				DEVELOPMENT_TEAM = 3FMVQ97S47;
				INFOPLIST_FILE = MyRecipesTests/Info.plist;
				IPHONEOS_DEPLOYMENT_TARGET = 14.2;
				LD_RUNPATH_SEARCH_PATHS = (
					"$(inherited)",
					"@executable_path/Frameworks",
					"@loader_path/Frameworks",
				);
				PRODUCT_BUNDLE_IDENTIFIER = Codage.MyRecipesTests;
				PRODUCT_NAME = "$(TARGET_NAME)";
				SWIFT_VERSION = 5.0;
				TARGETED_DEVICE_FAMILY = "1,2";
				TEST_HOST = "$(BUILT_PRODUCTS_DIR)/MyRecipes.app/MyRecipes";
			};
			name = Release;
		};
		0AA31A302564246F0014D879 /* Debug */ = {
			isa = XCBuildConfiguration;
			buildSettings = {
				ALWAYS_EMBED_SWIFT_STANDARD_LIBRARIES = YES;
				CODE_SIGN_STYLE = Automatic;
				DEVELOPMENT_TEAM = 3FMVQ97S47;
				INFOPLIST_FILE = MyRecipesUITests/Info.plist;
				LD_RUNPATH_SEARCH_PATHS = (
					"$(inherited)",
					"@executable_path/Frameworks",
					"@loader_path/Frameworks",
				);
				PRODUCT_BUNDLE_IDENTIFIER = Codage.MyRecipesUITests;
				PRODUCT_NAME = "$(TARGET_NAME)";
				SWIFT_VERSION = 5.0;
				TARGETED_DEVICE_FAMILY = "1,2";
				TEST_TARGET_NAME = MyRecipes;
			};
			name = Debug;
		};
		0AA31A312564246F0014D879 /* Release */ = {
			isa = XCBuildConfiguration;
			buildSettings = {
				ALWAYS_EMBED_SWIFT_STANDARD_LIBRARIES = YES;
				CODE_SIGN_STYLE = Automatic;
				DEVELOPMENT_TEAM = 3FMVQ97S47;
				INFOPLIST_FILE = MyRecipesUITests/Info.plist;
				LD_RUNPATH_SEARCH_PATHS = (
					"$(inherited)",
					"@executable_path/Frameworks",
					"@loader_path/Frameworks",
				);
				PRODUCT_BUNDLE_IDENTIFIER = Codage.MyRecipesUITests;
				PRODUCT_NAME = "$(TARGET_NAME)";
				SWIFT_VERSION = 5.0;
				TARGETED_DEVICE_FAMILY = "1,2";
				TEST_TARGET_NAME = MyRecipes;
			};
			name = Release;
		};
/* End XCBuildConfiguration section */

/* Begin XCConfigurationList section */
		0AA319FA2564246E0014D879 /* Build configuration list for PBXProject "MyRecipes" */ = {
			isa = XCConfigurationList;
			buildConfigurations = (
				0AA31A272564246F0014D879 /* Debug */,
				0AA31A282564246F0014D879 /* Release */,
			);
			defaultConfigurationIsVisible = 0;
			defaultConfigurationName = Release;
		};
		0AA31A292564246F0014D879 /* Build configuration list for PBXNativeTarget "MyRecipes" */ = {
			isa = XCConfigurationList;
			buildConfigurations = (
				0AA31A2A2564246F0014D879 /* Debug */,
				0AA31A2B2564246F0014D879 /* Release */,
			);
			defaultConfigurationIsVisible = 0;
			defaultConfigurationName = Release;
		};
		0AA31A2C2564246F0014D879 /* Build configuration list for PBXNativeTarget "MyRecipesTests" */ = {
			isa = XCConfigurationList;
			buildConfigurations = (
				0AA31A2D2564246F0014D879 /* Debug */,
				0AA31A2E2564246F0014D879 /* Release */,
			);
			defaultConfigurationIsVisible = 0;
			defaultConfigurationName = Release;
		};
		0AA31A2F2564246F0014D879 /* Build configuration list for PBXNativeTarget "MyRecipesUITests" */ = {
			isa = XCConfigurationList;
			buildConfigurations = (
				0AA31A302564246F0014D879 /* Debug */,
				0AA31A312564246F0014D879 /* Release */,
			);
			defaultConfigurationIsVisible = 0;
			defaultConfigurationName = Release;
		};
/* End XCConfigurationList section */

/* Begin XCRemoteSwiftPackageReference section */
		0AA31A652564253C0014D879 /* XCRemoteSwiftPackageReference "RxSwift" */ = {
			isa = XCRemoteSwiftPackageReference;
			repositoryURL = "https://github.com/ReactiveX/RxSwift";
			requirement = {
				kind = upToNextMajorVersion;
				minimumVersion = 5.1.1;
			};
		};
/* End XCRemoteSwiftPackageReference section */

/* Begin XCSwiftPackageProductDependency section */
		0AA31A662564253C0014D879 /* RxCocoa */ = {
			isa = XCSwiftPackageProductDependency;
			package = 0AA31A652564253C0014D879 /* XCRemoteSwiftPackageReference "RxSwift" */;
			productName = RxCocoa;
		};
		0AA31A682564253C0014D879 /* RxSwift */ = {
			isa = XCSwiftPackageProductDependency;
			package = 0AA31A652564253C0014D879 /* XCRemoteSwiftPackageReference "RxSwift" */;
			productName = RxSwift;
		};
/* End XCSwiftPackageProductDependency section */

/* Begin XCVersionGroup section */
		0A90935E2565BFC400890BEF /* MyRecipes.xcdatamodeld */ = {
			isa = XCVersionGroup;
			children = (
				0A90935F2565BFC400890BEF /* MyRecipes.xcdatamodel */,
			);
			currentVersion = 0A90935F2565BFC400890BEF /* MyRecipes.xcdatamodel */;
			path = MyRecipes.xcdatamodeld;
			sourceTree = "<group>";
			versionGroupType = wrapper.xcdatamodel;
		};
/* End XCVersionGroup section */
	};
	rootObject = 0AA319F72564246E0014D879 /* Project object */;
}
